
Microsoft Visual Studio Solution File, Format Version 12.00
# Visual Studio Version 17
VisualStudioVersion = 17.2.32616.157
MinimumVisualStudioVersion = 10.0.40219.1
Project("{FAE04EC0-301F-11D3-BF4B-00C04F79EFBC}") = "ClockiFyAMS", "ClockiFyAMS.csproj", "{673BD0F2-89EE-41AB-8E21-580E52A8ABE7}"
EndProject
Global
	GlobalSection(SolutionConfigurationPlatforms) = preSolution
		Debug|Any CPU = Debug|Any CPU
		Release|Any CPU = Release|Any CPU
	EndGlobalSection
	GlobalSection(ProjectConfigurationPlatforms) = postSolution
		{673BD0F2-89EE-41AB-8E21-580E52A8ABE7}.Debug|Any CPU.ActiveCfg = Debug|Any CPU
		{673BD0F2-89EE-41AB-8E21-580E52A8ABE7}.Debug|Any CPU.Build.0 = Debug|Any CPU
		{673BD0F2-89EE-41AB-8E21-580E52A8ABE7}.Release|Any CPU.ActiveCfg = Release|Any CPU
		{673BD0F2-89EE-41AB-8E21-580E52A8ABE7}.Release|Any CPU.Build.0 = Release|Any CPU
	EndGlobalSection
	GlobalSection(SolutionProperties) = preSolution
		HideSolutionNode = FALSE
	EndGlobalSection
	GlobalSection(ExtensibilityGlobals) = postSolution
		SolutionGuid = {2ABA4786-0265-4172-A429-85B620E5C8D7}
	EndGlobalSection
EndGlobal
